
Microsoft Visual Studio Solution File, Format Version 12.00
# Visual Studio Version 17
VisualStudioVersion = 17.5.33309.195
MinimumVisualStudioVersion = 10.0.40219.1
Project("{FAE04EC0-301F-11D3-BF4B-00C04F79EFBC}") = "BlazorApp1.Server", "BlazorApp1\Server\BlazorApp1.Server.csproj", "{C35899C2-57E1-41C9-A676-EED8350D1D79}"
EndProject
Project("{FAE04EC0-301F-11D3-BF4B-00C04F79EFBC}") = "BlazorApp1.Client", "BlazorApp1\Client\BlazorApp1.Client.csproj", "{890CABB3-6085-4090-9843-4E44CB7551FA}"
EndProject
Project("{FAE04EC0-301F-11D3-BF4B-00C04F79EFBC}") = "BlazorApp1.Shared", "BlazorApp1\Shared\BlazorApp1.Shared.csproj", "{8DD5D3FB-09D3-45A1-BD51-890B787298B0}"
EndProject
Global
	GlobalSection(SolutionConfigurationPlatforms) = preSolution
		Debug|Any CPU = Debug|Any CPU
		Release|Any CPU = Release|Any CPU
	EndGlobalSection
	GlobalSection(ProjectConfigurationPlatforms) = postSolution
		{C35899C2-57E1-41C9-A676-EED8350D1D79}.Debug|Any CPU.ActiveCfg = Debug|Any CPU
		{C35899C2-57E1-41C9-A676-EED8350D1D79}.Debug|Any CPU.Build.0 = Debug|Any CPU
		{C35899C2-57E1-41C9-A676-EED8350D1D79}.Release|Any CPU.ActiveCfg = Release|Any CPU
		{C35899C2-57E1-41C9-A676-EED8350D1D79}.Release|Any CPU.Build.0 = Release|Any CPU
		{890CABB3-6085-4090-9843-4E44CB7551FA}.Debug|Any CPU.ActiveCfg = Debug|Any CPU
		{890CABB3-6085-4090-9843-4E44CB7551FA}.Debug|Any CPU.Build.0 = Debug|Any CPU
		{890CABB3-6085-4090-9843-4E44CB7551FA}.Release|Any CPU.ActiveCfg = Release|Any CPU
		{890CABB3-6085-4090-9843-4E44CB7551FA}.Release|Any CPU.Build.0 = Release|Any CPU
		{8DD5D3FB-09D3-45A1-BD51-890B787298B0}.Debug|Any CPU.ActiveCfg = Debug|Any CPU
		{8DD5D3FB-09D3-45A1-BD51-890B787298B0}.Debug|Any CPU.Build.0 = Debug|Any CPU
		{8DD5D3FB-09D3-45A1-BD51-890B787298B0}.Release|Any CPU.ActiveCfg = Release|Any CPU
		{8DD5D3FB-09D3-45A1-BD51-890B787298B0}.Release|Any CPU.Build.0 = Release|Any CPU
	EndGlobalSection
	GlobalSection(SolutionProperties) = preSolution
		HideSolutionNode = FALSE
	EndGlobalSection
	GlobalSection(ExtensibilityGlobals) = postSolution
		SolutionGuid = {2D94CF4F-C6A1-4B1A-9386-02D79700E758}
	EndGlobalSection
EndGlobal
